
Microsoft Visual Studio Solution File, Format Version 11.00
# Visual Studio 2010
Project("{FAE04EC0-301F-11D3-BF4B-00C04F79EFBC}") = "Assembly-CSharp", "Assembly-CSharp.csproj", "{661e23bf-6021-ad4d-965c-a3df88d4c86e}"
EndProject
Project("{FAE04EC0-301F-11D3-BF4B-00C04F79EFBC}") = "Assembly-CSharp-firstpass", "Assembly-CSharp-firstpass.csproj", "{f58df741-0534-f629-4ba8-68621c90b6d3}"
EndProject
Project("{FAE04EC0-301F-11D3-BF4B-00C04F79EFBC}") = "Assembly-CSharp-Editor-firstpass", "Assembly-CSharp-Editor-firstpass.csproj", "{d65e6d60-2580-8429-b201-e24b3ada78da}"
EndProject
Project("{FAE04EC0-301F-11D3-BF4B-00C04F79EFBC}") = "Assembly-CSharp-Editor", "Assembly-CSharp-Editor.csproj", "{e520f5c3-3b22-da05-a4d1-0d1cb45a11e3}"
EndProject
Global
	GlobalSection(SolutionConfigurationPlatforms) = preSolution
		Debug|Any CPU = Debug|Any CPU
	EndGlobalSection
	GlobalSection(ProjectConfigurationPlatforms) = postSolution
		{661e23bf-6021-ad4d-965c-a3df88d4c86e}.Debug|Any CPU.ActiveCfg = Debug|Any CPU
		{661e23bf-6021-ad4d-965c-a3df88d4c86e}.Debug|Any CPU.Build.0 = Debug|Any CPU
		{f58df741-0534-f629-4ba8-68621c90b6d3}.Debug|Any CPU.ActiveCfg = Debug|Any CPU
		{f58df741-0534-f629-4ba8-68621c90b6d3}.Debug|Any CPU.Build.0 = Debug|Any CPU
		{d65e6d60-2580-8429-b201-e24b3ada78da}.Debug|Any CPU.ActiveCfg = Debug|Any CPU
		{d65e6d60-2580-8429-b201-e24b3ada78da}.Debug|Any CPU.Build.0 = Debug|Any CPU
		{e520f5c3-3b22-da05-a4d1-0d1cb45a11e3}.Debug|Any CPU.ActiveCfg = Debug|Any CPU
		{e520f5c3-3b22-da05-a4d1-0d1cb45a11e3}.Debug|Any CPU.Build.0 = Debug|Any CPU
	EndGlobalSection
	GlobalSection(SolutionProperties) = preSolution
		HideSolutionNode = FALSE
	EndGlobalSection
EndGlobal
